
Microsoft Visual Studio Solution File, Format Version 12.00
# Visual Studio 2013
VisualStudioVersion = 12.0.30501.0
MinimumVisualStudioVersion = 10.0.40219.1
Project("{8BC9CEB8-8B4A-11D0-8D11-00A0C91BC942}") = "Template", "Template\Template.vcxproj", "{6842F6F6-3882-431F-920E-72E488AB98AA}"
EndProject
Global
	GlobalSection(SolutionConfigurationPlatforms) = preSolution
		Debug|Win32 = Debug|Win32
		Release|Win32 = Release|Win32
	EndGlobalSection
	GlobalSection(ProjectConfigurationPlatforms) = postSolution
		{6842F6F6-3882-431F-920E-72E488AB98AA}.Debug|Win32.ActiveCfg = Debug|Win32
		{6842F6F6-3882-431F-920E-72E488AB98AA}.Debug|Win32.Build.0 = Debug|Win32
		{6842F6F6-3882-431F-920E-72E488AB98AA}.Release|Win32.ActiveCfg = Release|Win32
		{6842F6F6-3882-431F-920E-72E488AB98AA}.Release|Win32.Build.0 = Release|Win32
	EndGlobalSection
	GlobalSection(SolutionProperties) = preSolution
		HideSolutionNode = FALSE
	EndGlobalSection
EndGlobal
